
Microsoft Visual Studio Solution File, Format Version 12.00
# Visual Studio Version 17
VisualStudioVersion = 17.9.34728.123
MinimumVisualStudioVersion = 10.0.40219.1
Project("{FAE04EC0-301F-11D3-BF4B-00C04F79EFBC}") = "OOPiP2_9", "OOPiP2_9\OOPiP2_9.csproj", "{47468BD8-0C70-4B26-A4A5-3ED0C3AF8F1A}"
EndProject
Global
	GlobalSection(SolutionConfigurationPlatforms) = preSolution
		Debug|Any CPU = Debug|Any CPU
		Release|Any CPU = Release|Any CPU
	EndGlobalSection
	GlobalSection(ProjectConfigurationPlatforms) = postSolution
		{47468BD8-0C70-4B26-A4A5-3ED0C3AF8F1A}.Debug|Any CPU.ActiveCfg = Debug|Any CPU
		{47468BD8-0C70-4B26-A4A5-3ED0C3AF8F1A}.Debug|Any CPU.Build.0 = Debug|Any CPU
		{47468BD8-0C70-4B26-A4A5-3ED0C3AF8F1A}.Release|Any CPU.ActiveCfg = Release|Any CPU
		{47468BD8-0C70-4B26-A4A5-3ED0C3AF8F1A}.Release|Any CPU.Build.0 = Release|Any CPU
	EndGlobalSection
	GlobalSection(SolutionProperties) = preSolution
		HideSolutionNode = FALSE
	EndGlobalSection
	GlobalSection(ExtensibilityGlobals) = postSolution
		SolutionGuid = {AC4BDCA6-56E8-4BCA-B5A4-2E4F889D80F9}
	EndGlobalSection
EndGlobal
